{
  "name": "marionette_backbone",
  "version": "1.0.0",
  "lockfileVersion": 1,
  "requires": true,
  "dependencies": {
    "backbone": {
      "version": "1.3.3",
      "resolved": "https://registry.npmjs.org/backbone/-/backbone-1.3.3.tgz",
      "integrity": "sha1-TMgOp8sWMaxHSInOQPL4vGg7KZk=",
      "requires": {
        "underscore": ">=1.8.3"
      }
    },
    "backbone.babysitter": {
      "version": "0.1.12",
      "resolved": "https://registry.npmjs.org/backbone.babysitter/-/backbone.babysitter-0.1.12.tgz",
      "integrity": "sha1-fKlGQ07u+94aVTYFx0twSbbfr8E=",
      "requires": {
        "backbone": ">=0.9.9 <=1.3.x",
        "underscore": ">=1.4.0 <=1.8.3"
      }
    },
    "backbone.marionette": {
      "version": "2.4.7",
      "resolved": "https://registry.npmjs.org/backbone.marionette/-/backbone.marionette-2.4.7.tgz",
      "integrity": "sha1-pXPSG5xGR0G4DeGDUfrqzxhy4l8=",
      "requires": {
        "backbone": "1.0.0 - 1.3.x",
        "backbone.babysitter": "^0.1.0",
        "backbone.wreqr": "^1.0.0",
        "underscore": "1.4.4 - 1.8.3"
      }
    },
    "backbone.wreqr": {
      "version": "1.4.0",
      "resolved": "https://registry.npmjs.org/backbone.wreqr/-/backbone.wreqr-1.4.0.tgz",
      "integrity": "sha1-doIDDJqvCQ7Nhzsh2/SFAWk7JpY=",
      "requires": {
        "backbone": ">=0.9.9 <=1.3.x",
        "underscore": ">=1.3.3 <=1.8.3"
      }
    },
    "html-minifier": {
      "version": "0.5.6",
      "resolved": "https://registry.npmjs.org/html-minifier/-/html-minifier-0.5.6.tgz",
      "integrity": "sha1-DxW0N8J7XOmqhKRMooUIgOkleZY="
    },
    "jquery": {
      "version": "3.5.0",
      "resolved": "https://registry.npmjs.org/jquery/-/jquery-3.5.0.tgz",
      "integrity": "sha512-Xb7SVYMvygPxbFMpTFQiHh1J7HClEaThguL15N/Gg37Lri/qKyhRGZYzHRyLH8Stq3Aow0LsHO2O2ci86fCrNQ=="
    },
    "node-underscorify": {
      "version": "0.0.14",
      "resolved": "https://registry.npmjs.org/node-underscorify/-/node-underscorify-0.0.14.tgz",
      "integrity": "sha1-PRC7aHoLYgfpvFeyAqGb7E7mz78=",
      "requires": {
        "html-minifier": "^0.5.6",
        "through": "~2.2.7",
        "underscore": "~1.6.0"
      },
      "dependencies": {
        "underscore": {
          "version": "1.6.0",
          "resolved": "https://registry.npmjs.org/underscore/-/underscore-1.6.0.tgz",
          "integrity": "sha1-izixDKze9jM3uLJOT/htRa6lKag="
        }
      }
    },
    "through": {
      "version": "2.2.7",
      "resolved": "https://registry.npmjs.org/through/-/through-2.2.7.tgz",
      "integrity": "sha1-bo4hIAGR1OtqmfbwEN9Gqhxusr0="
    },
    "underscore": {
      "version": "1.8.3",
      "resolved": "https://registry.npmjs.org/underscore/-/underscore-1.8.3.tgz",
      "integrity": "sha1-Tz+1OxBuYJf8+ctBCfKl6b36UCI="
    }
  }
}
